
Microsoft Visual Studio Solution File, Format Version 12.00
# Visual Studio Version 17
VisualStudioVersion = 17.0.31717.71
MinimumVisualStudioVersion = 10.0.40219.1
Project("{9A19103F-16F7-4668-BE54-9A1E7A4F7556}") = "Dan.Plugin.Tilda", "src\Dan.Plugin.Tilda\Dan.Plugin.Tilda.csproj", "{BFE5DD46-88B4-4293-AC10-94553099A86C}"
EndProject
Project("{9A19103F-16F7-4668-BE54-9A1E7A4F7556}") = "Dan.Plugin.Tilda.Test", "test\Dan.Plugin.Tilda.Test\Dan.Plugin.Tilda.Test.csproj", "{52B0FB3E-1F50-45BD-BB1E-451B3B74AFA3}"
EndProject
Global
	GlobalSection(SolutionConfigurationPlatforms) = preSolution
		Debug|Any CPU = Debug|Any CPU
		Release|Any CPU = Release|Any CPU
	EndGlobalSection
	GlobalSection(ProjectConfigurationPlatforms) = postSolution
		{BFE5DD46-88B4-4293-AC10-94553099A86C}.Debug|Any CPU.ActiveCfg = Debug|Any CPU
		{BFE5DD46-88B4-4293-AC10-94553099A86C}.Debug|Any CPU.Build.0 = Debug|Any CPU
		{BFE5DD46-88B4-4293-AC10-94553099A86C}.Release|Any CPU.ActiveCfg = Release|Any CPU
		{BFE5DD46-88B4-4293-AC10-94553099A86C}.Release|Any CPU.Build.0 = Release|Any CPU
		{52B0FB3E-1F50-45BD-BB1E-451B3B74AFA3}.Debug|Any CPU.ActiveCfg = Debug|Any CPU
		{52B0FB3E-1F50-45BD-BB1E-451B3B74AFA3}.Debug|Any CPU.Build.0 = Debug|Any CPU
		{52B0FB3E-1F50-45BD-BB1E-451B3B74AFA3}.Release|Any CPU.ActiveCfg = Release|Any CPU
		{52B0FB3E-1F50-45BD-BB1E-451B3B74AFA3}.Release|Any CPU.Build.0 = Release|Any CPU
	EndGlobalSection
	GlobalSection(SolutionProperties) = preSolution
		HideSolutionNode = FALSE
	EndGlobalSection
	GlobalSection(ExtensibilityGlobals) = postSolution
		SolutionGuid = {9C136489-16DA-43F4-A16A-9038157D6FDF}
	EndGlobalSection
EndGlobal
